{
  "name": "npm-test-test",
  "version": "1.0.0",
  "lockfileVersion": 1,
  "requires": true,
  "dependencies": {
    "npm-test": {
      "version": "1.0.0",
      "resolved": "http://localhost:4873/npm-test/-/npm-test-1.0.0.tgz",
      "integrity": "sha512-TLnuNAIGJM8RMzsjWWgtA7E7MuvOKObbSQjdpYR3AulRhconHTsuYPzsOUSj/QlQ3kTdYl48iUMdgbWaPJsBow=="
    }
  }
}
